name: update-flake-lock
on:
  workflow_dispatch: # allows manual triggering
  schedule:
    - cron: '0 0 * * 0' # runs weekly on Sunday at 00:00

jobs:
  lockfile:
    runs-on: ubuntu-latest
    steps:
      - name: Checkout repository
        uses: actions/checkout@11bd71901bbe5b1630ceea73d27597364c9af683 # v4.2.2
      - name: Install Nix
        uses: cachix/install-nix-action@fc6e360bedc9ee72d75e701397f0bb30dce77568 # v31.5.2
        with:
          extra_nix_config: |
            access-tokens = github.com=${{ secrets.GITHUB_TOKEN }}
      - name: Set author identity
        run: |
          git config user.email '${{ github.actor }}@users.noreply.github.com'
          git config user.name '${{ github.actor }}'
      - run: nix flake update --commit-lock-file
      - name: Update fixed output hash
        run: .github/update-hash replay.deps
      - name: Create Pull Request
        uses: peter-evans/create-pull-request@271a8d0340265f705b14b6d32b9829c1cb33d45e # v7.0.8
        with:
          commit-message: "Update `fetchAttrs.sha256` hash"
          title: "Update flake.lock"
          branch: "automation/update-flake-inputs"
          labels: "dependencies"
          token: "${{ secrets.PR_TOKEN }}"

